
Microsoft Visual Studio Solution File, Format Version 12.00
# Visual Studio Version 17
VisualStudioVersion = 17.7.34031.279
MinimumVisualStudioVersion = 10.0.40219.1
Project("{FAE04EC0-301F-11D3-BF4B-00C04F79EFBC}") = "XpsCodeTest", "XpsCodeTest\XpsCodeTest.csproj", "{F1D84D42-F2D5-4F1F-B6EF-A18F50E3618B}"
EndProject
Global
	GlobalSection(SolutionConfigurationPlatforms) = preSolution
		Debug|Any CPU = Debug|Any CPU
		Release|Any CPU = Release|Any CPU
	EndGlobalSection
	GlobalSection(ProjectConfigurationPlatforms) = postSolution
		{F1D84D42-F2D5-4F1F-B6EF-A18F50E3618B}.Debug|Any CPU.ActiveCfg = Debug|Any CPU
		{F1D84D42-F2D5-4F1F-B6EF-A18F50E3618B}.Debug|Any CPU.Build.0 = Debug|Any CPU
		{F1D84D42-F2D5-4F1F-B6EF-A18F50E3618B}.Release|Any CPU.ActiveCfg = Release|Any CPU
		{F1D84D42-F2D5-4F1F-B6EF-A18F50E3618B}.Release|Any CPU.Build.0 = Release|Any CPU
	EndGlobalSection
	GlobalSection(SolutionProperties) = preSolution
		HideSolutionNode = FALSE
	EndGlobalSection
	GlobalSection(ExtensibilityGlobals) = postSolution
		SolutionGuid = {B96588C2-89EB-4C29-B861-E6A9916A6B0F}
	EndGlobalSection
EndGlobal
